
Microsoft Visual Studio Solution File, Format Version 12.00
# Visual Studio Version 17
VisualStudioVersion = 17.0.31903.59
MinimumVisualStudioVersion = 10.0.40219.1
Project("{FAE04EC0-301F-11D3-BF4B-00C04F79EFBC}") = "Reefact.LuxaforLightingDeviceController", "Reefact.LuxaforLightingDeviceController\Reefact.LuxaforLightingDeviceController.csproj", "{168D45EC-9628-40BF-931B-83071553C3A5}"
EndProject
Project("{FAE04EC0-301F-11D3-BF4B-00C04F79EFBC}") = "Reefact.LuxaforLightingDeviceController.UnitTests", "Reefact.LuxaforLightingDeviceController.UnitTests\Reefact.LuxaforLightingDeviceController.UnitTests.csproj", "{E0C4125B-7EDE-4160-8C6B-DEE2B53C6EF3}"
EndProject
Global
	GlobalSection(SolutionConfigurationPlatforms) = preSolution
		Debug|Any CPU = Debug|Any CPU
		Debug|x64 = Debug|x64
		Debug|x86 = Debug|x86
		Release|Any CPU = Release|Any CPU
		Release|x64 = Release|x64
		Release|x86 = Release|x86
	EndGlobalSection
	GlobalSection(ProjectConfigurationPlatforms) = postSolution
		{168D45EC-9628-40BF-931B-83071553C3A5}.Debug|Any CPU.ActiveCfg = Debug|Any CPU
		{168D45EC-9628-40BF-931B-83071553C3A5}.Debug|Any CPU.Build.0 = Debug|Any CPU
		{168D45EC-9628-40BF-931B-83071553C3A5}.Debug|x64.ActiveCfg = Debug|Any CPU
		{168D45EC-9628-40BF-931B-83071553C3A5}.Debug|x64.Build.0 = Debug|Any CPU
		{168D45EC-9628-40BF-931B-83071553C3A5}.Debug|x86.ActiveCfg = Debug|Any CPU
		{168D45EC-9628-40BF-931B-83071553C3A5}.Debug|x86.Build.0 = Debug|Any CPU
		{168D45EC-9628-40BF-931B-83071553C3A5}.Release|Any CPU.ActiveCfg = Release|Any CPU
		{168D45EC-9628-40BF-931B-83071553C3A5}.Release|Any CPU.Build.0 = Release|Any CPU
		{168D45EC-9628-40BF-931B-83071553C3A5}.Release|x64.ActiveCfg = Release|Any CPU
		{168D45EC-9628-40BF-931B-83071553C3A5}.Release|x64.Build.0 = Release|Any CPU
		{168D45EC-9628-40BF-931B-83071553C3A5}.Release|x86.ActiveCfg = Release|Any CPU
		{168D45EC-9628-40BF-931B-83071553C3A5}.Release|x86.Build.0 = Release|Any CPU
		{E0C4125B-7EDE-4160-8C6B-DEE2B53C6EF3}.Debug|Any CPU.ActiveCfg = Debug|Any CPU
		{E0C4125B-7EDE-4160-8C6B-DEE2B53C6EF3}.Debug|Any CPU.Build.0 = Debug|Any CPU
		{E0C4125B-7EDE-4160-8C6B-DEE2B53C6EF3}.Debug|x64.ActiveCfg = Debug|Any CPU
		{E0C4125B-7EDE-4160-8C6B-DEE2B53C6EF3}.Debug|x64.Build.0 = Debug|Any CPU
		{E0C4125B-7EDE-4160-8C6B-DEE2B53C6EF3}.Debug|x86.ActiveCfg = Debug|Any CPU
		{E0C4125B-7EDE-4160-8C6B-DEE2B53C6EF3}.Debug|x86.Build.0 = Debug|Any CPU
		{E0C4125B-7EDE-4160-8C6B-DEE2B53C6EF3}.Release|Any CPU.ActiveCfg = Release|Any CPU
		{E0C4125B-7EDE-4160-8C6B-DEE2B53C6EF3}.Release|Any CPU.Build.0 = Release|Any CPU
		{E0C4125B-7EDE-4160-8C6B-DEE2B53C6EF3}.Release|x64.ActiveCfg = Release|Any CPU
		{E0C4125B-7EDE-4160-8C6B-DEE2B53C6EF3}.Release|x64.Build.0 = Release|Any CPU
		{E0C4125B-7EDE-4160-8C6B-DEE2B53C6EF3}.Release|x86.ActiveCfg = Release|Any CPU
		{E0C4125B-7EDE-4160-8C6B-DEE2B53C6EF3}.Release|x86.Build.0 = Release|Any CPU
	EndGlobalSection
	GlobalSection(SolutionProperties) = preSolution
		HideSolutionNode = FALSE
	EndGlobalSection
EndGlobal
